// !$*UTF8*$!
{
	archiveVersion = 1;
	classes = {
	};
	objectVersion = 77;
	objects = {

/* Begin PBXBuildFile section */
		CAFD77692FDFC584004256DA /* Argon2Swift in Frameworks */ = {isa = PBXBuildFile; productRef = CAFD77682FDFC584004256DA /* Argon2Swift */; };
/* End PBXBuildFile section */

/* Begin PBXContainerItemProxy section */
		CA22692E2FDF97D8009FC945 /* PBXContainerItemProxy */ = {
			isa = PBXContainerItemProxy;
			containerPortal = CA2269182FDF97D7009FC945 /* Project object */;
			proxyType = 1;
			remoteGlobalIDString = CA22691F2FDF97D7009FC945;
			remoteInfo = TestSmtpServer;
		};
		CA2269382FDF97D8009FC945 /* PBXContainerItemProxy */ = {
			isa = PBXContainerItemProxy;
			containerPortal = CA2269182FDF97D7009FC945 /* Project object */;
			proxyType = 1;
			remoteGlobalIDString = CA22691F2FDF97D7009FC945;
			remoteInfo = TestSmtpServer;
		};
/* End PBXContainerItemProxy section */

/* Begin PBXFileReference section */
		CA2269202FDF97D7009FC945 /* TestSmtpServer.app */ = {isa = PBXFileReference; explicitFileType = wrapper.application; includeInIndex = 0; path = TestSmtpServer.app; sourceTree = BUILT_PRODUCTS_DIR; };
		CA22692D2FDF97D8009FC945 /* TestSmtpServerTests.xctest */ = {isa = PBXFileReference; explicitFileType = wrapper.cfbundle; includeInIndex = 0; path = TestSmtpServerTests.xctest; sourceTree = BUILT_PRODUCTS_DIR; };
		CA2269372FDF97D8009FC945 /* TestSmtpServerUITests.xctest */ = {isa = PBXFileReference; explicitFileType = wrapper.cfbundle; includeInIndex = 0; path = TestSmtpServerUITests.xctest; sourceTree = BUILT_PRODUCTS_DIR; };
/* End PBXFileReference section */

/* Begin PBXFileSystemSynchronizedRootGroup section */
		CA2269222FDF97D7009FC945 /* TestSmtpServer */ = {
			isa = PBXFileSystemSynchronizedRootGroup;
			path = TestSmtpServer;
			sourceTree = "<group>";
		};
		CA2269302FDF97D8009FC945 /* TestSmtpServerTests */ = {
			isa = PBXFileSystemSynchronizedRootGroup;
			path = TestSmtpServerTests;
			sourceTree = "<group>";
		};
		CA22693A2FDF97D8009FC945 /* TestSmtpServerUITests */ = {
			isa = PBXFileSystemSynchronizedRootGroup;
			path = TestSmtpServerUITests;
			sourceTree = "<group>";
		};
/* End PBXFileSystemSynchronizedRootGroup section */

/* Begin PBXFrameworksBuildPhase section */
		CA22691D2FDF97D7009FC945 /* Frameworks */ = {
			isa = PBXFrameworksBuildPhase;
			buildActionMask = 2147483647;
			files = (
				CAFD77692FDFC584004256DA /* Argon2Swift in Frameworks */,
			);
			runOnlyForDeploymentPostprocessing = 0;
		};
		CA22692A2FDF97D8009FC945 /* Frameworks */ = {
			isa = PBXFrameworksBuildPhase;
			buildActionMask = 2147483647;
			files = (
			);
			runOnlyForDeploymentPostprocessing = 0;
		};
		CA2269342FDF97D8009FC945 /* Frameworks */ = {
			isa = PBXFrameworksBuildPhase;
			buildActionMask = 2147483647;
			files = (
			);
			runOnlyForDeploymentPostprocessing = 0;
		};
/* End PBXFrameworksBuildPhase section */

/* Begin PBXGroup section */
		CA2269172FDF97D7009FC945 = {
			isa = PBXGroup;
			children = (
				CA2269222FDF97D7009FC945 /* TestSmtpServer */,
				CA2269302FDF97D8009FC945 /* TestSmtpServerTests */,
				CA22693A2FDF97D8009FC945 /* TestSmtpServerUITests */,
				CA2269212FDF97D7009FC945 /* Products */,
			);
			sourceTree = "<group>";
		};
		CA2269212FDF97D7009FC945 /* Products */ = {
			isa = PBXGroup;
			children = (
				CA2269202FDF97D7009FC945 /* TestSmtpServer.app */,
				CA22692D2FDF97D8009FC945 /* TestSmtpServerTests.xctest */,
				CA2269372FDF97D8009FC945 /* TestSmtpServerUITests.xctest */,
			);
			name = Products;
			sourceTree = "<group>";
		};
/* End PBXGroup section */

/* Begin PBXNativeTarget section */
		CA22691F2FDF97D7009FC945 /* TestSmtpServer */ = {
			isa = PBXNativeTarget;
			buildConfigurationList = CA2269412FDF97D8009FC945 /* Build configuration list for PBXNativeTarget "TestSmtpServer" */;
			buildPhases = (
				CA22691C2FDF97D7009FC945 /* Sources */,
				CA22691D2FDF97D7009FC945 /* Frameworks */,
				CA22691E2FDF97D7009FC945 /* Resources */,
			);
			buildRules = (
			);
			dependencies = (
			);
			fileSystemSynchronizedGroups = (
				CA2269222FDF97D7009FC945 /* TestSmtpServer */,
			);
			name = TestSmtpServer;
			packageProductDependencies = (
				CAFD77682FDFC584004256DA /* Argon2Swift */,
			);
			productName = TestSmtpServer;
			productReference = CA2269202FDF97D7009FC945 /* TestSmtpServer.app */;
			productType = "com.apple.product-type.application";
		};
		CA22692C2FDF97D8009FC945 /* TestSmtpServerTests */ = {
			isa = PBXNativeTarget;
			buildConfigurationList = CA2269442FDF97D8009FC945 /* Build configuration list for PBXNativeTarget "TestSmtpServerTests" */;
			buildPhases = (
				CA2269292FDF97D8009FC945 /* Sources */,
				CA22692A2FDF97D8009FC945 /* Frameworks */,
				CA22692B2FDF97D8009FC945 /* Resources */,
			);
			buildRules = (
			);
			dependencies = (
				CA22692F2FDF97D8009FC945 /* PBXTargetDependency */,
			);
			fileSystemSynchronizedGroups = (
				CA2269302FDF97D8009FC945 /* TestSmtpServerTests */,
			);
			name = TestSmtpServerTests;
			packageProductDependencies = (
			);
			productName = TestSmtpServerTests;
			productReference = CA22692D2FDF97D8009FC945 /* TestSmtpServerTests.xctest */;
			productType = "com.apple.product-type.bundle.unit-test";
		};
		CA2269362FDF97D8009FC945 /* TestSmtpServerUITests */ = {
			isa = PBXNativeTarget;
			buildConfigurationList = CA2269472FDF97D8009FC945 /* Build configuration list for PBXNativeTarget "TestSmtpServerUITests" */;
			buildPhases = (
				CA2269332FDF97D8009FC945 /* Sources */,
				CA2269342FDF97D8009FC945 /* Frameworks */,
				CA2269352FDF97D8009FC945 /* Resources */,
			);
			buildRules = (
			);
			dependencies = (
				CA2269392FDF97D8009FC945 /* PBXTargetDependency */,
			);
			fileSystemSynchronizedGroups = (
				CA22693A2FDF97D8009FC945 /* TestSmtpServerUITests */,
			);
			name = TestSmtpServerUITests;
			packageProductDependencies = (
			);
			productName = TestSmtpServerUITests;
			productReference = CA2269372FDF97D8009FC945 /* TestSmtpServerUITests.xctest */;
			productType = "com.apple.product-type.bundle.ui-testing";
		};
/* End PBXNativeTarget section */

/* Begin PBXProject section */
		CA2269182FDF97D7009FC945 /* Project object */ = {
			isa = PBXProject;
			attributes = {
				BuildIndependentTargetsInParallel = 1;
				LastSwiftUpdateCheck = 2650;
				LastUpgradeCheck = 2650;
				TargetAttributes = {
					CA22691F2FDF97D7009FC945 = {
						CreatedOnToolsVersion = 26.5;
					};
					CA22692C2FDF97D8009FC945 = {
						CreatedOnToolsVersion = 26.5;
						TestTargetID = CA22691F2FDF97D7009FC945;
					};
					CA2269362FDF97D8009FC945 = {
						CreatedOnToolsVersion = 26.5;
						TestTargetID = CA22691F2FDF97D7009FC945;
					};
				};
			};
			buildConfigurationList = CA22691B2FDF97D7009FC945 /* Build configuration list for PBXProject "TestSmtpServer" */;
			developmentRegion = en;
			hasScannedForEncodings = 0;
			knownRegions = (
				en,
				Base,
			);
			mainGroup = CA2269172FDF97D7009FC945;
			minimizedProjectReferenceProxies = 1;
			packageReferences = (
				CAFD77672FDFC584004256DA /* XCRemoteSwiftPackageReference "Argon2Swift" */,
			);
			preferredProjectObjectVersion = 77;
			productRefGroup = CA2269212FDF97D7009FC945 /* Products */;
			projectDirPath = "";
			projectRoot = "";
			targets = (
				CA22691F2FDF97D7009FC945 /* TestSmtpServer */,
				CA22692C2FDF97D8009FC945 /* TestSmtpServerTests */,
				CA2269362FDF97D8009FC945 /* TestSmtpServerUITests */,
			);
		};
/* End PBXProject section */

/* Begin PBXResourcesBuildPhase section */
		CA22691E2FDF97D7009FC945 /* Resources */ = {
			isa = PBXResourcesBuildPhase;
			buildActionMask = 2147483647;
			files = (
			);
			runOnlyForDeploymentPostprocessing = 0;
		};
		CA22692B2FDF97D8009FC945 /* Resources */ = {
			isa = PBXResourcesBuildPhase;
			buildActionMask = 2147483647;
			files = (
			);
			runOnlyForDeploymentPostprocessing = 0;
		};
		CA2269352FDF97D8009FC945 /* Resources */ = {
			isa = PBXResourcesBuildPhase;
			buildActionMask = 2147483647;
			files = (
			);
			runOnlyForDeploymentPostprocessing = 0;
		};
/* End PBXResourcesBuildPhase section */

/* Begin PBXSourcesBuildPhase section */
		CA22691C2FDF97D7009FC945 /* Sources */ = {
			isa = PBXSourcesBuildPhase;
			buildActionMask = 2147483647;
			files = (
			);
			runOnlyForDeploymentPostprocessing = 0;
		};
		CA2269292FDF97D8009FC945 /* Sources */ = {
			isa = PBXSourcesBuildPhase;
			buildActionMask = 2147483647;
			files = (
			);
			runOnlyForDeploymentPostprocessing = 0;
		};
		CA2269332FDF97D8009FC945 /* Sources */ = {
			isa = PBXSourcesBuildPhase;
			buildActionMask = 2147483647;
			files = (
			);
			runOnlyForDeploymentPostprocessing = 0;
		};
/* End PBXSourcesBuildPhase section */

/* Begin PBXTargetDependency section */
		CA22692F2FDF97D8009FC945 /* PBXTargetDependency */ = {
			isa = PBXTargetDependency;
			target = CA22691F2FDF97D7009FC945 /* TestSmtpServer */;
			targetProxy = CA22692E2FDF97D8009FC945 /* PBXContainerItemProxy */;
		};
		CA2269392FDF97D8009FC945 /* PBXTargetDependency */ = {
			isa = PBXTargetDependency;
			target = CA22691F2FDF97D7009FC945 /* TestSmtpServer */;
			targetProxy = CA2269382FDF97D8009FC945 /* PBXContainerItemProxy */;
		};
/* End PBXTargetDependency section */

/* Begin XCBuildConfiguration section */
		CA22693F2FDF97D8009FC945 /* Debug */ = {
			isa = XCBuildConfiguration;
			buildSettings = {
				ALWAYS_SEARCH_USER_PATHS = NO;
				ASSETCATALOG_COMPILER_GENERATE_SWIFT_ASSET_SYMBOL_EXTENSIONS = YES;
				CLANG_ANALYZER_NONNULL = YES;
				CLANG_ANALYZER_NUMBER_OBJECT_CONVERSION = YES_AGGRESSIVE;
				CLANG_CXX_LANGUAGE_STANDARD = "gnu++20";
				CLANG_ENABLE_MODULES = YES;
				CLANG_ENABLE_OBJC_ARC = YES;
				CLANG_ENABLE_OBJC_WEAK = YES;
				CLANG_WARN_BLOCK_CAPTURE_AUTORELEASING = YES;
				CLANG_WARN_BOOL_CONVERSION = YES;
				CLANG_WARN_COMMA = YES;
				CLANG_WARN_CONSTANT_CONVERSION = YES;
				CLANG_WARN_DEPRECATED_OBJC_IMPLEMENTATIONS = YES;
				CLANG_WARN_DIRECT_OBJC_ISA_USAGE = YES_ERROR;
				CLANG_WARN_DOCUMENTATION_COMMENTS = YES;
				CLANG_WARN_EMPTY_BODY = YES;
				CLANG_WARN_ENUM_CONVERSION = YES;
				CLANG_WARN_INFINITE_RECURSION = YES;
				CLANG_WARN_INT_CONVERSION = YES;
				CLANG_WARN_NON_LITERAL_NULL_CONVERSION = YES;
				CLANG_WARN_OBJC_IMPLICIT_RETAIN_SELF = YES;
				CLANG_WARN_OBJC_LITERAL_CONVERSION = YES;
				CLANG_WARN_OBJC_ROOT_CLASS = YES_ERROR;
				CLANG_WARN_QUOTED_INCLUDE_IN_FRAMEWORK_HEADER = YES;
				CLANG_WARN_RANGE_LOOP_ANALYSIS = YES;
				CLANG_WARN_STRICT_PROTOTYPES = YES;
				CLANG_WARN_SUSPICIOUS_MOVE = YES;
				CLANG_WARN_UNGUARDED_AVAILABILITY = YES_AGGRESSIVE;
				CLANG_WARN_UNREACHABLE_CODE = YES;
				CLANG_WARN__DUPLICATE_METHOD_MATCH = YES;
				COPY_PHASE_STRIP = NO;
				DEBUG_INFORMATION_FORMAT = dwarf;
				ENABLE_STRICT_OBJC_MSGSEND = YES;
				ENABLE_TESTABILITY = YES;
				ENABLE_USER_SCRIPT_SANDBOXING = YES;
				GCC_C_LANGUAGE_STANDARD = gnu17;
				GCC_DYNAMIC_NO_PIC = NO;
				GCC_NO_COMMON_BLOCKS = YES;
				GCC_OPTIMIZATION_LEVEL = 0;
				GCC_PREPROCESSOR_DEFINITIONS = (
					"DEBUG=1",
					"$(inherited)",
				);
				GCC_WARN_64_TO_32_BIT_CONVERSION = YES;
				GCC_WARN_ABOUT_RETURN_TYPE = YES_ERROR;
				GCC_WARN_UNDECLARED_SELECTOR = YES;
				GCC_WARN_UNINITIALIZED_AUTOS = YES_AGGRESSIVE;
				GCC_WARN_UNUSED_FUNCTION = YES;
				GCC_WARN_UNUSED_VARIABLE = YES;
				LOCALIZATION_PREFERS_STRING_CATALOGS = YES;
				MACOSX_DEPLOYMENT_TARGET = 26.5;
				MTL_ENABLE_DEBUG_INFO = INCLUDE_SOURCE;
				MTL_FAST_MATH = YES;
				ONLY_ACTIVE_ARCH = YES;
				SDKROOT = macosx;
				SWIFT_ACTIVE_COMPILATION_CONDITIONS = "DEBUG $(inherited)";
				SWIFT_OPTIMIZATION_LEVEL = "-Onone";
			};
			name = Debug;
		};
		CA2269402FDF97D8009FC945 /* Release */ = {
			isa = XCBuildConfiguration;
			buildSettings = {
				ALWAYS_SEARCH_USER_PATHS = NO;
				ASSETCATALOG_COMPILER_GENERATE_SWIFT_ASSET_SYMBOL_EXTENSIONS = YES;
				CLANG_ANALYZER_NONNULL = YES;
				CLANG_ANALYZER_NUMBER_OBJECT_CONVERSION = YES_AGGRESSIVE;
				CLANG_CXX_LANGUAGE_STANDARD = "gnu++20";
				CLANG_ENABLE_MODULES = YES;
				CLANG_ENABLE_OBJC_ARC = YES;
				CLANG_ENABLE_OBJC_WEAK = YES;
				CLANG_WARN_BLOCK_CAPTURE_AUTORELEASING = YES;
				CLANG_WARN_BOOL_CONVERSION = YES;
				CLANG_WARN_COMMA = YES;
				CLANG_WARN_CONSTANT_CONVERSION = YES;
				CLANG_WARN_DEPRECATED_OBJC_IMPLEMENTATIONS = YES;
				CLANG_WARN_DIRECT_OBJC_ISA_USAGE = YES_ERROR;
				CLANG_WARN_DOCUMENTATION_COMMENTS = YES;
				CLANG_WARN_EMPTY_BODY = YES;
				CLANG_WARN_ENUM_CONVERSION = YES;
				CLANG_WARN_INFINITE_RECURSION = YES;
				CLANG_WARN_INT_CONVERSION = YES;
				CLANG_WARN_NON_LITERAL_NULL_CONVERSION = YES;
				CLANG_WARN_OBJC_IMPLICIT_RETAIN_SELF = YES;
				CLANG_WARN_OBJC_LITERAL_CONVERSION = YES;
				CLANG_WARN_OBJC_ROOT_CLASS = YES_ERROR;
				CLANG_WARN_QUOTED_INCLUDE_IN_FRAMEWORK_HEADER = YES;
				CLANG_WARN_RANGE_LOOP_ANALYSIS = YES;
				CLANG_WARN_STRICT_PROTOTYPES = YES;
				CLANG_WARN_SUSPICIOUS_MOVE = YES;
				CLANG_WARN_UNGUARDED_AVAILABILITY = YES_AGGRESSIVE;
				CLANG_WARN_UNREACHABLE_CODE = YES;
				CLANG_WARN__DUPLICATE_METHOD_MATCH = YES;
				COPY_PHASE_STRIP = NO;
				DEBUG_INFORMATION_FORMAT = "dwarf-with-dsym";
				ENABLE_NS_ASSERTIONS = NO;
				ENABLE_STRICT_OBJC_MSGSEND = YES;
				ENABLE_USER_SCRIPT_SANDBOXING = YES;
				GCC_C_LANGUAGE_STANDARD = gnu17;
				GCC_NO_COMMON_BLOCKS = YES;
				GCC_WARN_64_TO_32_BIT_CONVERSION = YES;
				GCC_WARN_ABOUT_RETURN_TYPE = YES_ERROR;
				GCC_WARN_UNDECLARED_SELECTOR = YES;
				GCC_WARN_UNINITIALIZED_AUTOS = YES_AGGRESSIVE;
				GCC_WARN_UNUSED_FUNCTION = YES;
				GCC_WARN_UNUSED_VARIABLE = YES;
				LOCALIZATION_PREFERS_STRING_CATALOGS = YES;
				MACOSX_DEPLOYMENT_TARGET = 26.5;
				MTL_ENABLE_DEBUG_INFO = NO;
				MTL_FAST_MATH = YES;
				SDKROOT = macosx;
				SWIFT_COMPILATION_MODE = wholemodule;
			};
			name = Release;
		};
		CA2269422FDF97D8009FC945 /* Debug */ = {
			isa = XCBuildConfiguration;
			buildSettings = {
				ASSETCATALOG_COMPILER_APPICON_NAME = AppIcon;
				ASSETCATALOG_COMPILER_GLOBAL_ACCENT_COLOR_NAME = AccentColor;
				CODE_SIGN_STYLE = Automatic;
				COMBINE_HIDPI_IMAGES = YES;
				CURRENT_PROJECT_VERSION = 1;
				ENABLE_APP_SANDBOX = YES;
				ENABLE_PREVIEWS = YES;
				ENABLE_USER_SELECTED_FILES = readonly;
				GENERATE_INFOPLIST_FILE = YES;
				INFOPLIST_KEY_NSHumanReadableCopyright = "";
				LD_RUNPATH_SEARCH_PATHS = (
					"$(inherited)",
					"@executable_path/../Frameworks",
				);
				MARKETING_VERSION = 1.0;
				PRODUCT_BUNDLE_IDENTIFIER = jp.uhimania.TestSmtpServer;
				PRODUCT_NAME = "$(TARGET_NAME)";
				REGISTER_APP_GROUPS = YES;
				STRING_CATALOG_GENERATE_SYMBOLS = YES;
				SWIFT_APPROACHABLE_CONCURRENCY = YES;
				SWIFT_DEFAULT_ACTOR_ISOLATION = nonisolated;
				SWIFT_EMIT_LOC_STRINGS = YES;
				SWIFT_UPCOMING_FEATURE_MEMBER_IMPORT_VISIBILITY = YES;
				SWIFT_VERSION = 5.0;
			};
			name = Debug;
		};
		CA2269432FDF97D8009FC945 /* Release */ = {
			isa = XCBuildConfiguration;
			buildSettings = {
				ASSETCATALOG_COMPILER_APPICON_NAME = AppIcon;
				ASSETCATALOG_COMPILER_GLOBAL_ACCENT_COLOR_NAME = AccentColor;
				CODE_SIGN_STYLE = Automatic;
				COMBINE_HIDPI_IMAGES = YES;
				CURRENT_PROJECT_VERSION = 1;
				ENABLE_APP_SANDBOX = YES;
				ENABLE_PREVIEWS = YES;
				ENABLE_USER_SELECTED_FILES = readonly;
				GENERATE_INFOPLIST_FILE = YES;
				INFOPLIST_KEY_NSHumanReadableCopyright = "";
				LD_RUNPATH_SEARCH_PATHS = (
					"$(inherited)",
					"@executable_path/../Frameworks",
				);
				MARKETING_VERSION = 1.0;
				PRODUCT_BUNDLE_IDENTIFIER = jp.uhimania.TestSmtpServer;
				PRODUCT_NAME = "$(TARGET_NAME)";
				REGISTER_APP_GROUPS = YES;
				STRING_CATALOG_GENERATE_SYMBOLS = YES;
				SWIFT_APPROACHABLE_CONCURRENCY = YES;
				SWIFT_DEFAULT_ACTOR_ISOLATION = nonisolated;
				SWIFT_EMIT_LOC_STRINGS = YES;
				SWIFT_UPCOMING_FEATURE_MEMBER_IMPORT_VISIBILITY = YES;
				SWIFT_VERSION = 5.0;
			};
			name = Release;
		};
		CA2269452FDF97D8009FC945 /* Debug */ = {
			isa = XCBuildConfiguration;
			buildSettings = {
				BUNDLE_LOADER = "$(TEST_HOST)";
				CODE_SIGN_STYLE = Automatic;
				CURRENT_PROJECT_VERSION = 1;
				GENERATE_INFOPLIST_FILE = YES;
				MACOSX_DEPLOYMENT_TARGET = 26.5;
				MARKETING_VERSION = 1.0;
				PRODUCT_BUNDLE_IDENTIFIER = jp.uhimania.TestSmtpServerTests;
				PRODUCT_NAME = "$(TARGET_NAME)";
				STRING_CATALOG_GENERATE_SYMBOLS = NO;
				SWIFT_APPROACHABLE_CONCURRENCY = YES;
				SWIFT_EMIT_LOC_STRINGS = NO;
				SWIFT_UPCOMING_FEATURE_MEMBER_IMPORT_VISIBILITY = YES;
				SWIFT_VERSION = 5.0;
				TEST_HOST = "$(BUILT_PRODUCTS_DIR)/TestSmtpServer.app/$(BUNDLE_EXECUTABLE_FOLDER_PATH)/TestSmtpServer";
			};
			name = Debug;
		};
		CA2269462FDF97D8009FC945 /* Release */ = {
			isa = XCBuildConfiguration;
			buildSettings = {
				BUNDLE_LOADER = "$(TEST_HOST)";
				CODE_SIGN_STYLE = Automatic;
				CURRENT_PROJECT_VERSION = 1;
				GENERATE_INFOPLIST_FILE = YES;
				MACOSX_DEPLOYMENT_TARGET = 26.5;
				MARKETING_VERSION = 1.0;
				PRODUCT_BUNDLE_IDENTIFIER = jp.uhimania.TestSmtpServerTests;
				PRODUCT_NAME = "$(TARGET_NAME)";
				STRING_CATALOG_GENERATE_SYMBOLS = NO;
				SWIFT_APPROACHABLE_CONCURRENCY = YES;
				SWIFT_EMIT_LOC_STRINGS = NO;
				SWIFT_UPCOMING_FEATURE_MEMBER_IMPORT_VISIBILITY = YES;
				SWIFT_VERSION = 5.0;
				TEST_HOST = "$(BUILT_PRODUCTS_DIR)/TestSmtpServer.app/$(BUNDLE_EXECUTABLE_FOLDER_PATH)/TestSmtpServer";
			};
			name = Release;
		};
		CA2269482FDF97D8009FC945 /* Debug */ = {
			isa = XCBuildConfiguration;
			buildSettings = {
				CODE_SIGN_STYLE = Automatic;
				CURRENT_PROJECT_VERSION = 1;
				GENERATE_INFOPLIST_FILE = YES;
				MARKETING_VERSION = 1.0;
				PRODUCT_BUNDLE_IDENTIFIER = jp.uhimania.TestSmtpServerUITests;
				PRODUCT_NAME = "$(TARGET_NAME)";
				STRING_CATALOG_GENERATE_SYMBOLS = NO;
				SWIFT_APPROACHABLE_CONCURRENCY = YES;
				SWIFT_EMIT_LOC_STRINGS = NO;
				SWIFT_UPCOMING_FEATURE_MEMBER_IMPORT_VISIBILITY = YES;
				SWIFT_VERSION = 5.0;
				TEST_TARGET_NAME = TestSmtpServer;
			};
			name = Debug;
		};
		CA2269492FDF97D8009FC945 /* Release */ = {
			isa = XCBuildConfiguration;
			buildSettings = {
				CODE_SIGN_STYLE = Automatic;
				CURRENT_PROJECT_VERSION = 1;
				GENERATE_INFOPLIST_FILE = YES;
				MARKETING_VERSION = 1.0;
				PRODUCT_BUNDLE_IDENTIFIER = jp.uhimania.TestSmtpServerUITests;
				PRODUCT_NAME = "$(TARGET_NAME)";
				STRING_CATALOG_GENERATE_SYMBOLS = NO;
				SWIFT_APPROACHABLE_CONCURRENCY = YES;
				SWIFT_EMIT_LOC_STRINGS = NO;
				SWIFT_UPCOMING_FEATURE_MEMBER_IMPORT_VISIBILITY = YES;
				SWIFT_VERSION = 5.0;
				TEST_TARGET_NAME = TestSmtpServer;
			};
			name = Release;
		};
/* End XCBuildConfiguration section */

/* Begin XCConfigurationList section */
		CA22691B2FDF97D7009FC945 /* Build configuration list for PBXProject "TestSmtpServer" */ = {
			isa = XCConfigurationList;
			buildConfigurations = (
				CA22693F2FDF97D8009FC945 /* Debug */,
				CA2269402FDF97D8009FC945 /* Release */,
			);
			defaultConfigurationIsVisible = 0;
			defaultConfigurationName = Release;
		};
		CA2269412FDF97D8009FC945 /* Build configuration list for PBXNativeTarget "TestSmtpServer" */ = {
			isa = XCConfigurationList;
			buildConfigurations = (
				CA2269422FDF97D8009FC945 /* Debug */,
				CA2269432FDF97D8009FC945 /* Release */,
			);
			defaultConfigurationIsVisible = 0;
			defaultConfigurationName = Release;
		};
		CA2269442FDF97D8009FC945 /* Build configuration list for PBXNativeTarget "TestSmtpServerTests" */ = {
			isa = XCConfigurationList;
			buildConfigurations = (
				CA2269452FDF97D8009FC945 /* Debug */,
				CA2269462FDF97D8009FC945 /* Release */,
			);
			defaultConfigurationIsVisible = 0;
			defaultConfigurationName = Release;
		};
		CA2269472FDF97D8009FC945 /* Build configuration list for PBXNativeTarget "TestSmtpServerUITests" */ = {
			isa = XCConfigurationList;
			buildConfigurations = (
				CA2269482FDF97D8009FC945 /* Debug */,
				CA2269492FDF97D8009FC945 /* Release */,
			);
			defaultConfigurationIsVisible = 0;
			defaultConfigurationName = Release;
		};
/* End XCConfigurationList section */

/* Begin XCRemoteSwiftPackageReference section */
		CAFD77672FDFC584004256DA /* XCRemoteSwiftPackageReference "Argon2Swift" */ = {
			isa = XCRemoteSwiftPackageReference;
			repositoryURL = "https://github.com/tmthecoder/Argon2Swift.git";
			requirement = {
				kind = revision;
				revision = 53543623fefe68461b7eeea03d7f96677c2fd76d;
			};
		};
/* End XCRemoteSwiftPackageReference section */

/* Begin XCSwiftPackageProductDependency section */
		CAFD77682FDFC584004256DA /* Argon2Swift */ = {
			isa = XCSwiftPackageProductDependency;
			package = CAFD77672FDFC584004256DA /* XCRemoteSwiftPackageReference "Argon2Swift" */;
			productName = Argon2Swift;
		};
/* End XCSwiftPackageProductDependency section */
	};
	rootObject = CA2269182FDF97D7009FC945 /* Project object */;
}
